
Microsoft Visual Studio Solution File, Format Version 12.00
Project("{FAE04EC0-301F-11D3-BF4B-00C04F79EFBC}") = "ProcessApplicationFormFunction", "ProcessApplicationFormFunction\ProcessApplicationFormFunction.csproj", "{29E164CE-B3A4-4E59-A9F7-3B86EBB1FD0B}"
EndProject
Project("{FAE04EC0-301F-11D3-BF4B-00C04F79EFBC}") = "ProcessApplicationForm.Test", "ProcessApplicationForm.Test\ProcessApplicationForm.Test.csproj", "{B3F6A535-65DA-4B86-BB0C-D7652876F5E4}"
EndProject
Global
	GlobalSection(SolutionConfigurationPlatforms) = preSolution
		Debug|Any CPU = Debug|Any CPU
		Release|Any CPU = Release|Any CPU
	EndGlobalSection
	GlobalSection(ProjectConfigurationPlatforms) = postSolution
		{29E164CE-B3A4-4E59-A9F7-3B86EBB1FD0B}.Debug|Any CPU.ActiveCfg = Debug|Any CPU
		{29E164CE-B3A4-4E59-A9F7-3B86EBB1FD0B}.Debug|Any CPU.Build.0 = Debug|Any CPU
		{29E164CE-B3A4-4E59-A9F7-3B86EBB1FD0B}.Release|Any CPU.ActiveCfg = Release|Any CPU
		{29E164CE-B3A4-4E59-A9F7-3B86EBB1FD0B}.Release|Any CPU.Build.0 = Release|Any CPU
		{B3F6A535-65DA-4B86-BB0C-D7652876F5E4}.Debug|Any CPU.ActiveCfg = Debug|Any CPU
		{B3F6A535-65DA-4B86-BB0C-D7652876F5E4}.Debug|Any CPU.Build.0 = Debug|Any CPU
		{B3F6A535-65DA-4B86-BB0C-D7652876F5E4}.Release|Any CPU.ActiveCfg = Release|Any CPU
		{B3F6A535-65DA-4B86-BB0C-D7652876F5E4}.Release|Any CPU.Build.0 = Release|Any CPU
	EndGlobalSection
EndGlobal
